
Microsoft Visual Studio Solution File, Format Version 12.00
# Visual Studio 14
VisualStudioVersion = 14.0.23107.0
MinimumVisualStudioVersion = 10.0.40219.1
Project("{FAE04EC0-301F-11D3-BF4B-00C04F79EFBC}") = "Trainings", "Trainings\Trainings.csproj", "{240B0C38-0526-4D5F-9C65-29A670FB157A}"
EndProject
Project("{FAE04EC0-301F-11D3-BF4B-00C04F79EFBC}") = "Trainings.Tests", "Trainings.Tests\Trainings.Tests.csproj", "{DD3970BE-EAE0-4E3B-AE58-B890B7A439C9}"
EndProject
Global
	GlobalSection(SolutionConfigurationPlatforms) = preSolution
		Debug|Any CPU = Debug|Any CPU
		Release|Any CPU = Release|Any CPU
	EndGlobalSection
	GlobalSection(ProjectConfigurationPlatforms) = postSolution
		{240B0C38-0526-4D5F-9C65-29A670FB157A}.Debug|Any CPU.ActiveCfg = Debug|Any CPU
		{240B0C38-0526-4D5F-9C65-29A670FB157A}.Debug|Any CPU.Build.0 = Debug|Any CPU
		{240B0C38-0526-4D5F-9C65-29A670FB157A}.Release|Any CPU.ActiveCfg = Release|Any CPU
		{240B0C38-0526-4D5F-9C65-29A670FB157A}.Release|Any CPU.Build.0 = Release|Any CPU
		{DD3970BE-EAE0-4E3B-AE58-B890B7A439C9}.Debug|Any CPU.ActiveCfg = Debug|Any CPU
		{DD3970BE-EAE0-4E3B-AE58-B890B7A439C9}.Debug|Any CPU.Build.0 = Debug|Any CPU
		{DD3970BE-EAE0-4E3B-AE58-B890B7A439C9}.Release|Any CPU.ActiveCfg = Release|Any CPU
		{DD3970BE-EAE0-4E3B-AE58-B890B7A439C9}.Release|Any CPU.Build.0 = Release|Any CPU
	EndGlobalSection
	GlobalSection(SolutionProperties) = preSolution
		HideSolutionNode = FALSE
	EndGlobalSection
EndGlobal
